
Microsoft Visual Studio Solution File, Format Version 12.00
# Visual Studio 15
VisualStudioVersion = 15.0.28307.489
MinimumVisualStudioVersion = 10.0.40219.1
Project("{FAE04EC0-301F-11D3-BF4B-00C04F79EFBC}") = "Projeto_PII_noCanvas", "Projeto_PII_noCanvas\Projeto_PII_noCanvas.csproj", "{B9A7FAC1-D95A-4D6F-88E6-7327AE4FBBF2}"
EndProject
Global
	GlobalSection(SolutionConfigurationPlatforms) = preSolution
		Debug|Any CPU = Debug|Any CPU
		Release|Any CPU = Release|Any CPU
	EndGlobalSection
	GlobalSection(ProjectConfigurationPlatforms) = postSolution
		{B9A7FAC1-D95A-4D6F-88E6-7327AE4FBBF2}.Debug|Any CPU.ActiveCfg = Debug|Any CPU
		{B9A7FAC1-D95A-4D6F-88E6-7327AE4FBBF2}.Debug|Any CPU.Build.0 = Debug|Any CPU
		{B9A7FAC1-D95A-4D6F-88E6-7327AE4FBBF2}.Release|Any CPU.ActiveCfg = Release|Any CPU
		{B9A7FAC1-D95A-4D6F-88E6-7327AE4FBBF2}.Release|Any CPU.Build.0 = Release|Any CPU
	EndGlobalSection
	GlobalSection(SolutionProperties) = preSolution
		HideSolutionNode = FALSE
	EndGlobalSection
	GlobalSection(ExtensibilityGlobals) = postSolution
		SolutionGuid = {142FEB6D-E708-43AC-8676-A4ABE23F5524}
	EndGlobalSection
EndGlobal
